<?xml version="1.0" encoding="utf-8"?>
<Project ToolsVersion="4.0" xmlns="http://schemas.microsoft.com/developer/msbuild/2003">
  <ItemGroup>
    <Filter Include="include">
      <UniqueIdentifier>{2DFBAD51-1A64-5D25-B0AC-0A26481D34C7}</UniqueIdentifier>
    </Filter>
    <Filter Include="src">
      <UniqueIdentifier>{34A31EC1-F937-5D24-853F-BEE9AB216A9B}</UniqueIdentifier>
    </Filter>
  </ItemGroup>
  <ItemGroup>
    <ClInclude Include="..\src\RigidBodies.Math\include\rigidbodies\math\aabb.hpp">
      <Filter>include</Filter>
    </ClInclude>
    <ClInclude Include="..\src\RigidBodies.Math\include\rigidbodies\math\polygon.hpp">
      <Filter>include</Filter>
    </ClInclude>
    <ClInclude Include="..\src\RigidBodies.Math\include\rigidbodies\math\rotation2.hpp">
      <Filter>include</Filter>
    </ClInclude>
    <ClInclude Include="..\src\RigidBodies.Math\include\rigidbodies\math\scalar.hpp">
      <Filter>include</Filter>
    </ClInclude>
    <ClInclude Include="..\src\RigidBodies.Math\include\rigidbodies\math\span.hpp">
      <Filter>include</Filter>
    </ClInclude>
    <ClInclude Include="..\src\RigidBodies.Math\include\rigidbodies\math\transform2.hpp">
      <Filter>include</Filter>
    </ClInclude>
    <ClInclude Include="..\src\RigidBodies.Math\include\rigidbodies\math\vec2.hpp">
      <Filter>include</Filter>
    </ClInclude>
  </ItemGroup>
  <ItemGroup>
    <ClCompile Include="..\src\RigidBodies.Math\src\polygon.cpp">
      <Filter>src</Filter>
    </ClCompile>
  </ItemGroup>
</Project>
