<?xml version="1.0" encoding="utf-8"?>
<Project ToolsVersion="4.0" xmlns="http://schemas.microsoft.com/developer/msbuild/2003">
  <ItemGroup>
    <Filter Include="include">
      <UniqueIdentifier>{7CCE12E1-4443-5A99-9B6E-5AEE88B80BCE}</UniqueIdentifier>
    </Filter>
    <Filter Include="src">
      <UniqueIdentifier>{063EB367-F7B9-586B-A81D-CE849A06E81E}</UniqueIdentifier>
    </Filter>
  </ItemGroup>
  <ItemGroup>
    <ClInclude Include="..\src\RigidBodies.App\include\rigidbodies\app\content_files.hpp">
      <Filter>include</Filter>
    </ClInclude>
    <ClInclude Include="..\src\RigidBodies.App\include\rigidbodies\app\edit_history.hpp">
      <Filter>include</Filter>
    </ClInclude>
    <ClInclude Include="..\src\RigidBodies.App\include\rigidbodies\app\experiment_content.hpp">
      <Filter>include</Filter>
    </ClInclude>
    <ClInclude Include="..\src\RigidBodies.App\include\rigidbodies\app\input_router.hpp">
      <Filter>include</Filter>
    </ClInclude>
    <ClInclude Include="..\src\RigidBodies.App\include\rigidbodies\app\interaction_state.hpp">
      <Filter>include</Filter>
    </ClInclude>
    <ClInclude Include="..\src\RigidBodies.App\include\rigidbodies\app\key_bindings.hpp">
      <Filter>include</Filter>
    </ClInclude>
    <ClInclude Include="..\src\RigidBodies.App\include\rigidbodies\app\notifier.hpp">
      <Filter>include</Filter>
    </ClInclude>
    <ClInclude Include="..\src\RigidBodies.App\include\rigidbodies\app\property_records.hpp">
      <Filter>include</Filter>
    </ClInclude>
    <ClInclude Include="..\src\RigidBodies.App\include\rigidbodies\app\run_recorder.hpp">
      <Filter>include</Filter>
    </ClInclude>
    <ClInclude Include="..\src\RigidBodies.App\include\rigidbodies\app\setup_changes.hpp">
      <Filter>include</Filter>
    </ClInclude>
    <ClInclude Include="..\src\RigidBodies.App\include\rigidbodies\app\shape_editor.hpp">
      <Filter>include</Filter>
    </ClInclude>
    <ClInclude Include="..\src\RigidBodies.App\include\rigidbodies\app\simulation_session.hpp">
      <Filter>include</Filter>
    </ClInclude>
    <ClInclude Include="..\src\RigidBodies.App\include\rigidbodies\app\stage_overlay_drawing.hpp">
      <Filter>include</Filter>
    </ClInclude>
  </ItemGroup>
  <ItemGroup>
    <ClCompile Include="..\src\RigidBodies.App\src\simulation_session.cpp">
      <Filter>src</Filter>
    </ClCompile>
    <ClCompile Include="..\src\RigidBodies.App\src\shape_editor.cpp">
      <Filter>src</Filter>
    </ClCompile>
    <ClCompile Include="..\src\RigidBodies.App\src\education_session.cpp">
      <Filter>src</Filter>
    </ClCompile>
    <ClCompile Include="..\src\RigidBodies.App\src\edit_history.cpp">
      <Filter>src</Filter>
    </ClCompile>
    <ClCompile Include="..\src\RigidBodies.App\src\interaction_session.cpp">
      <Filter>src</Filter>
    </ClCompile>
    <ClCompile Include="..\src\RigidBodies.App\src\developer_commands.cpp">
      <Filter>src</Filter>
    </ClCompile>
    <ClCompile Include="..\src\RigidBodies.App\src\content_session.cpp">
      <Filter>src</Filter>
    </ClCompile>
    <ClCompile Include="..\src\RigidBodies.App\src\content_files.cpp">
      <Filter>src</Filter>
    </ClCompile>
    <ClCompile Include="..\src\RigidBodies.App\src\experiment_content.cpp">
      <Filter>src</Filter>
    </ClCompile>
    <ClCompile Include="..\src\RigidBodies.App\src\input_router.cpp">
      <Filter>src</Filter>
    </ClCompile>
    <ClCompile Include="..\src\RigidBodies.App\src\notifier.cpp">
      <Filter>src</Filter>
    </ClCompile>
    <ClCompile Include="..\src\RigidBodies.App\src\property_records.cpp">
      <Filter>src</Filter>
    </ClCompile>
    <ClCompile Include="..\src\RigidBodies.App\src\run_recorder.cpp">
      <Filter>src</Filter>
    </ClCompile>
    <ClCompile Include="..\src\RigidBodies.App\src\setup_changes.cpp">
      <Filter>src</Filter>
    </ClCompile>
    <ClCompile Include="..\src\RigidBodies.App\src\stage_overlay_drawing.cpp">
      <Filter>src</Filter>
    </ClCompile>
    <ClCompile Include="..\src\RigidBodies.App\src\relativity_session.cpp">
      <Filter>src</Filter>
    </ClCompile>
  </ItemGroup>
</Project>
